
Microsoft Visual Studio Solution File, Format Version 12.00
# Visual Studio Version 17
VisualStudioVersion = 17.5.2.0
MinimumVisualStudioVersion = 10.0.40219.1
Project("{2150E333-8FDC-42A3-9474-1A3956D46DE8}") = "example", "example", "{DAD03CFC-D5FA-AC94-41C7-9ABAB326F09E}"
EndProject
Project("{FAE04EC0-301F-11D3-BF4B-00C04F79EFBC}") = "grpc", "example\grpc.csproj", "{2A8FDFF5-D81E-7F0A-4F5F-F8F8B06D85D1}"
EndProject
Project("{FAE04EC0-301F-11D3-BF4B-00C04F79EFBC}") = "groomserver", "groomserver\groomserver.csproj", "{733F29EA-36F4-41BC-9767-52A2966626B1}"
EndProject
Project("{FAE04EC0-301F-11D3-BF4B-00C04F79EFBC}") = "groomclient", "groomclient\groomclient.csproj", "{FF5A4E03-FA78-44FA-88A0-0BA4F66E99F6}"
EndProject
Project("{FAE04EC0-301F-11D3-BF4B-00C04F79EFBC}") = "groomadmin", "groomadmin\groomadmin.csproj", "{ABF68A89-3072-4627-A492-D61E4BA89EA8}"
EndProject
Global
	GlobalSection(SolutionConfigurationPlatforms) = preSolution
		Debug|Any CPU = Debug|Any CPU
		Debug|x64 = Debug|x64
		Debug|x86 = Debug|x86
		Release|Any CPU = Release|Any CPU
		Release|x64 = Release|x64
		Release|x86 = Release|x86
	EndGlobalSection
	GlobalSection(ProjectConfigurationPlatforms) = postSolution
		{2A8FDFF5-D81E-7F0A-4F5F-F8F8B06D85D1}.Debug|Any CPU.ActiveCfg = Debug|Any CPU
		{2A8FDFF5-D81E-7F0A-4F5F-F8F8B06D85D1}.Debug|Any CPU.Build.0 = Debug|Any CPU
		{2A8FDFF5-D81E-7F0A-4F5F-F8F8B06D85D1}.Debug|x64.ActiveCfg = Debug|Any CPU
		{2A8FDFF5-D81E-7F0A-4F5F-F8F8B06D85D1}.Debug|x64.Build.0 = Debug|Any CPU
		{2A8FDFF5-D81E-7F0A-4F5F-F8F8B06D85D1}.Debug|x86.ActiveCfg = Debug|Any CPU
		{2A8FDFF5-D81E-7F0A-4F5F-F8F8B06D85D1}.Debug|x86.Build.0 = Debug|Any CPU
		{2A8FDFF5-D81E-7F0A-4F5F-F8F8B06D85D1}.Release|Any CPU.ActiveCfg = Release|Any CPU
		{2A8FDFF5-D81E-7F0A-4F5F-F8F8B06D85D1}.Release|Any CPU.Build.0 = Release|Any CPU
		{2A8FDFF5-D81E-7F0A-4F5F-F8F8B06D85D1}.Release|x64.ActiveCfg = Release|Any CPU
		{2A8FDFF5-D81E-7F0A-4F5F-F8F8B06D85D1}.Release|x64.Build.0 = Release|Any CPU
		{2A8FDFF5-D81E-7F0A-4F5F-F8F8B06D85D1}.Release|x86.ActiveCfg = Release|Any CPU
		{2A8FDFF5-D81E-7F0A-4F5F-F8F8B06D85D1}.Release|x86.Build.0 = Release|Any CPU
		{733F29EA-36F4-41BC-9767-52A2966626B1}.Debug|Any CPU.ActiveCfg = Debug|Any CPU
		{733F29EA-36F4-41BC-9767-52A2966626B1}.Debug|Any CPU.Build.0 = Debug|Any CPU
		{733F29EA-36F4-41BC-9767-52A2966626B1}.Debug|x64.ActiveCfg = Debug|Any CPU
		{733F29EA-36F4-41BC-9767-52A2966626B1}.Debug|x64.Build.0 = Debug|Any CPU
		{733F29EA-36F4-41BC-9767-52A2966626B1}.Debug|x86.ActiveCfg = Debug|Any CPU
		{733F29EA-36F4-41BC-9767-52A2966626B1}.Debug|x86.Build.0 = Debug|Any CPU
		{733F29EA-36F4-41BC-9767-52A2966626B1}.Release|Any CPU.ActiveCfg = Release|Any CPU
		{733F29EA-36F4-41BC-9767-52A2966626B1}.Release|Any CPU.Build.0 = Release|Any CPU
		{733F29EA-36F4-41BC-9767-52A2966626B1}.Release|x64.ActiveCfg = Release|Any CPU
		{733F29EA-36F4-41BC-9767-52A2966626B1}.Release|x64.Build.0 = Release|Any CPU
		{733F29EA-36F4-41BC-9767-52A2966626B1}.Release|x86.ActiveCfg = Release|Any CPU
		{733F29EA-36F4-41BC-9767-52A2966626B1}.Release|x86.Build.0 = Release|Any CPU
		{FF5A4E03-FA78-44FA-88A0-0BA4F66E99F6}.Debug|Any CPU.ActiveCfg = Debug|Any CPU
		{FF5A4E03-FA78-44FA-88A0-0BA4F66E99F6}.Debug|Any CPU.Build.0 = Debug|Any CPU
		{FF5A4E03-FA78-44FA-88A0-0BA4F66E99F6}.Debug|x64.ActiveCfg = Debug|Any CPU
		{FF5A4E03-FA78-44FA-88A0-0BA4F66E99F6}.Debug|x64.Build.0 = Debug|Any CPU
		{FF5A4E03-FA78-44FA-88A0-0BA4F66E99F6}.Debug|x86.ActiveCfg = Debug|Any CPU
		{FF5A4E03-FA78-44FA-88A0-0BA4F66E99F6}.Debug|x86.Build.0 = Debug|Any CPU
		{FF5A4E03-FA78-44FA-88A0-0BA4F66E99F6}.Release|Any CPU.ActiveCfg = Release|Any CPU
		{FF5A4E03-FA78-44FA-88A0-0BA4F66E99F6}.Release|Any CPU.Build.0 = Release|Any CPU
		{FF5A4E03-FA78-44FA-88A0-0BA4F66E99F6}.Release|x64.ActiveCfg = Release|Any CPU
		{FF5A4E03-FA78-44FA-88A0-0BA4F66E99F6}.Release|x64.Build.0 = Release|Any CPU
		{FF5A4E03-FA78-44FA-88A0-0BA4F66E99F6}.Release|x86.ActiveCfg = Release|Any CPU
		{FF5A4E03-FA78-44FA-88A0-0BA4F66E99F6}.Release|x86.Build.0 = Release|Any CPU
		{ABF68A89-3072-4627-A492-D61E4BA89EA8}.Debug|Any CPU.ActiveCfg = Debug|Any CPU
		{ABF68A89-3072-4627-A492-D61E4BA89EA8}.Debug|Any CPU.Build.0 = Debug|Any CPU
		{ABF68A89-3072-4627-A492-D61E4BA89EA8}.Debug|x64.ActiveCfg = Debug|Any CPU
		{ABF68A89-3072-4627-A492-D61E4BA89EA8}.Debug|x64.Build.0 = Debug|Any CPU
		{ABF68A89-3072-4627-A492-D61E4BA89EA8}.Debug|x86.ActiveCfg = Debug|Any CPU
		{ABF68A89-3072-4627-A492-D61E4BA89EA8}.Debug|x86.Build.0 = Debug|Any CPU
		{ABF68A89-3072-4627-A492-D61E4BA89EA8}.Release|Any CPU.ActiveCfg = Release|Any CPU
		{ABF68A89-3072-4627-A492-D61E4BA89EA8}.Release|Any CPU.Build.0 = Release|Any CPU
		{ABF68A89-3072-4627-A492-D61E4BA89EA8}.Release|x64.ActiveCfg = Release|Any CPU
		{ABF68A89-3072-4627-A492-D61E4BA89EA8}.Release|x64.Build.0 = Release|Any CPU
		{ABF68A89-3072-4627-A492-D61E4BA89EA8}.Release|x86.ActiveCfg = Release|Any CPU
		{ABF68A89-3072-4627-A492-D61E4BA89EA8}.Release|x86.Build.0 = Release|Any CPU
	EndGlobalSection
	GlobalSection(SolutionProperties) = preSolution
		HideSolutionNode = FALSE
	EndGlobalSection
	GlobalSection(NestedProjects) = preSolution
		{2A8FDFF5-D81E-7F0A-4F5F-F8F8B06D85D1} = {DAD03CFC-D5FA-AC94-41C7-9ABAB326F09E}
	EndGlobalSection
	GlobalSection(ExtensibilityGlobals) = postSolution
		SolutionGuid = {4831C7AC-5FD1-4633-94DF-364A815A24AF}
	EndGlobalSection
EndGlobal
